// !$*UTF8*$!
{
	archiveVersion = 1;
	classes = {
	};
	objectVersion = 50;
	objects = {

/* Begin PBXBuildFile section */
		83024CDD4A7FFD6F39C5887C /* Pods_TwoTestProject.framework in Frameworks */ = {isa = PBXBuildFile; fileRef = 50DF4BE09E3C5ABB4A153678 /* Pods_TwoTestProject.framework */; };
		A5CD7D8B23F2C9570099F89D /* AppDelegate.swift in Sources */ = {isa = PBXBuildFile; fileRef = A5CD7D8A23F2C9570099F89D /* AppDelegate.swift */; };
		A5CD7D8D23F2C9570099F89D /* SceneDelegate.swift in Sources */ = {isa = PBXBuildFile; fileRef = A5CD7D8C23F2C9570099F89D /* SceneDelegate.swift */; };
		A5CD7D8F23F2C9570099F89D /* MainViewController.swift in Sources */ = {isa = PBXBuildFile; fileRef = A5CD7D8E23F2C9570099F89D /* MainViewController.swift */; };
		A5CD7D9423F2C95C0099F89D /* Assets.xcassets in Resources */ = {isa = PBXBuildFile; fileRef = A5CD7D9323F2C95C0099F89D /* Assets.xcassets */; };
		A5CD7D9723F2C95C0099F89D /* LaunchScreen.storyboard in Resources */ = {isa = PBXBuildFile; fileRef = A5CD7D9523F2C95C0099F89D /* LaunchScreen.storyboard */; };
		A5CD7D9F23F2CACA0099F89D /* Default-568h@2x.png in Resources */ = {isa = PBXBuildFile; fileRef = A5CD7D9E23F2CACA0099F89D /* Default-568h@2x.png */; };
/* End PBXBuildFile section */

/* Begin PBXFileReference section */
		34043AF610CC703A5C4A1C0A /* Pods-TwoTestProject.debug.xcconfig */ = {isa = PBXFileReference; includeInIndex = 1; lastKnownFileType = text.xcconfig; name = "Pods-TwoTestProject.debug.xcconfig"; path = "Target Support Files/Pods-TwoTestProject/Pods-TwoTestProject.debug.xcconfig"; sourceTree = "<group>"; };
		50DF4BE09E3C5ABB4A153678 /* Pods_TwoTestProject.framework */ = {isa = PBXFileReference; explicitFileType = wrapper.framework; includeInIndex = 0; path = Pods_TwoTestProject.framework; sourceTree = BUILT_PRODUCTS_DIR; };
		935D03F09FBF04F9733E7570 /* Pods-TwoTestProject.release.xcconfig */ = {isa = PBXFileReference; includeInIndex = 1; lastKnownFileType = text.xcconfig; name = "Pods-TwoTestProject.release.xcconfig"; path = "Target Support Files/Pods-TwoTestProject/Pods-TwoTestProject.release.xcconfig"; sourceTree = "<group>"; };
		A5CD7D8723F2C9570099F89D /* TwoTestProject.app */ = {isa = PBXFileReference; explicitFileType = wrapper.application; includeInIndex = 0; path = TwoTestProject.app; sourceTree = BUILT_PRODUCTS_DIR; };
		A5CD7D8A23F2C9570099F89D /* AppDelegate.swift */ = {isa = PBXFileReference; lastKnownFileType = sourcecode.swift; path = AppDelegate.swift; sourceTree = "<group>"; };
		A5CD7D8C23F2C9570099F89D /* SceneDelegate.swift */ = {isa = PBXFileReference; lastKnownFileType = sourcecode.swift; path = SceneDelegate.swift; sourceTree = "<group>"; };
		A5CD7D8E23F2C9570099F89D /* MainViewController.swift */ = {isa = PBXFileReference; lastKnownFileType = sourcecode.swift; path = MainViewController.swift; sourceTree = "<group>"; };
		A5CD7D9323F2C95C0099F89D /* Assets.xcassets */ = {isa = PBXFileReference; lastKnownFileType = folder.assetcatalog; path = Assets.xcassets; sourceTree = "<group>"; };
		A5CD7D9623F2C95C0099F89D /* Base */ = {isa = PBXFileReference; lastKnownFileType = file.storyboard; name = Base; path = Base.lproj/LaunchScreen.storyboard; sourceTree = "<group>"; };
		A5CD7D9823F2C95C0099F89D /* Info.plist */ = {isa = PBXFileReference; lastKnownFileType = text.plist.xml; path = Info.plist; sourceTree = "<group>"; };
		A5CD7D9E23F2CACA0099F89D /* Default-568h@2x.png */ = {isa = PBXFileReference; lastKnownFileType = image.png; path = "Default-568h@2x.png"; sourceTree = "<group>"; };
/* End PBXFileReference section */

/* Begin PBXFrameworksBuildPhase section */
		A5CD7D8423F2C9570099F89D /* Frameworks */ = {
			isa = PBXFrameworksBuildPhase;
			buildActionMask = 2147483647;
			files = (
				83024CDD4A7FFD6F39C5887C /* Pods_TwoTestProject.framework in Frameworks */,
			);
			runOnlyForDeploymentPostprocessing = 0;
		};
/* End PBXFrameworksBuildPhase section */

/* Begin PBXGroup section */
		1596C6CF228A4BBBA374D6A7 /* Frameworks */ = {
			isa = PBXGroup;
			children = (
				50DF4BE09E3C5ABB4A153678 /* Pods_TwoTestProject.framework */,
			);
			name = Frameworks;
			sourceTree = "<group>";
		};
		A5CD7D7E23F2C9570099F89D = {
			isa = PBXGroup;
			children = (
				A5CD7D9E23F2CACA0099F89D /* Default-568h@2x.png */,
				A5CD7D8923F2C9570099F89D /* TwoTestProject */,
				A5CD7D8823F2C9570099F89D /* Products */,
				A9D9F4FC36DAAB05E26DB1CE /* Pods */,
				1596C6CF228A4BBBA374D6A7 /* Frameworks */,
			);
			sourceTree = "<group>";
		};
		A5CD7D8823F2C9570099F89D /* Products */ = {
			isa = PBXGroup;
			children = (
				A5CD7D8723F2C9570099F89D /* TwoTestProject.app */,
			);
			name = Products;
			sourceTree = "<group>";
		};
		A5CD7D8923F2C9570099F89D /* TwoTestProject */ = {
			isa = PBXGroup;
			children = (
				A5CD7D8A23F2C9570099F89D /* AppDelegate.swift */,
				A5CD7D8C23F2C9570099F89D /* SceneDelegate.swift */,
				A5CD7D8E23F2C9570099F89D /* MainViewController.swift */,
				A5CD7D9323F2C95C0099F89D /* Assets.xcassets */,
				A5CD7D9523F2C95C0099F89D /* LaunchScreen.storyboard */,
				A5CD7D9823F2C95C0099F89D /* Info.plist */,
			);
			path = TwoTestProject;
			sourceTree = "<group>";
		};
		A9D9F4FC36DAAB05E26DB1CE /* Pods */ = {
			isa = PBXGroup;
			children = (
				34043AF610CC703A5C4A1C0A /* Pods-TwoTestProject.debug.xcconfig */,
				935D03F09FBF04F9733E7570 /* Pods-TwoTestProject.release.xcconfig */,
			);
			name = Pods;
			path = Pods;
			sourceTree = "<group>";
		};
/* End PBXGroup section */

/* Begin PBXNativeTarget section */
		A5CD7D8623F2C9570099F89D /* TwoTestProject */ = {
			isa = PBXNativeTarget;
			buildConfigurationList = A5CD7D9B23F2C95C0099F89D /* Build configuration list for PBXNativeTarget "TwoTestProject" */;
			buildPhases = (
				0C2C7D7191D751E17462361E /* [CP] Check Pods Manifest.lock */,
				A5CD7D8323F2C9570099F89D /* Sources */,
				A5CD7D8423F2C9570099F89D /* Frameworks */,
				A5CD7D8523F2C9570099F89D /* Resources */,
				FBC2DFDEC2A4C786533C3C8E /* [CP] Embed Pods Frameworks */,
			);
			buildRules = (
			);
			dependencies = (
			);
			name = TwoTestProject;
			productName = TwoTestProject;
			productReference = A5CD7D8723F2C9570099F89D /* TwoTestProject.app */;
			productType = "com.apple.product-type.application";
		};
/* End PBXNativeTarget section */

/* Begin PBXProject section */
		A5CD7D7F23F2C9570099F89D /* Project object */ = {
			isa = PBXProject;
			attributes = {
				LastSwiftUpdateCheck = 1130;
				LastUpgradeCheck = 1130;
				ORGANIZATIONNAME = Sergey;
				TargetAttributes = {
					A5CD7D8623F2C9570099F89D = {
						CreatedOnToolsVersion = 11.3.1;
					};
				};
			};
			buildConfigurationList = A5CD7D8223F2C9570099F89D /* Build configuration list for PBXProject "TwoTestProject" */;
			compatibilityVersion = "Xcode 9.3";
			developmentRegion = en;
			hasScannedForEncodings = 0;
			knownRegions = (
				en,
				Base,
			);
			mainGroup = A5CD7D7E23F2C9570099F89D;
			productRefGroup = A5CD7D8823F2C9570099F89D /* Products */;
			projectDirPath = "";
			projectRoot = "";
			targets = (
				A5CD7D8623F2C9570099F89D /* TwoTestProject */,
			);
		};
/* End PBXProject section */

/* Begin PBXResourcesBuildPhase section */
		A5CD7D8523F2C9570099F89D /* Resources */ = {
			isa = PBXResourcesBuildPhase;
			buildActionMask = 2147483647;
			files = (
				A5CD7D9723F2C95C0099F89D /* LaunchScreen.storyboard in Resources */,
				A5CD7D9423F2C95C0099F89D /* Assets.xcassets in Resources */,
				A5CD7D9F23F2CACA0099F89D /* Default-568h@2x.png in Resources */,
			);
			runOnlyForDeploymentPostprocessing = 0;
		};
/* End PBXResourcesBuildPhase section */

/* Begin PBXShellScriptBuildPhase section */
		0C2C7D7191D751E17462361E /* [CP] Check Pods Manifest.lock */ = {
			isa = PBXShellScriptBuildPhase;
			buildActionMask = 2147483647;
			files = (
			);
			inputFileListPaths = (
			);
			inputPaths = (
				"${PODS_PODFILE_DIR_PATH}/Podfile.lock",
				"${PODS_ROOT}/Manifest.lock",
			);
			name = "[CP] Check Pods Manifest.lock";
			outputFileListPaths = (
			);
			outputPaths = (
				"$(DERIVED_FILE_DIR)/Pods-TwoTestProject-checkManifestLockResult.txt",
			);
			runOnlyForDeploymentPostprocessing = 0;
			shellPath = /bin/sh;
			shellScript = "diff \"${PODS_PODFILE_DIR_PATH}/Podfile.lock\" \"${PODS_ROOT}/Manifest.lock\" > /dev/null\nif [ $? != 0 ] ; then\n    # print error to STDERR\n    echo \"error: The sandbox is not in sync with the Podfile.lock. Run 'pod install' or update your CocoaPods installation.\" >&2\n    exit 1\nfi\n# This output is used by Xcode 'outputs' to avoid re-running this script phase.\necho \"SUCCESS\" > \"${SCRIPT_OUTPUT_FILE_0}\"\n";
			showEnvVarsInLog = 0;
		};
		FBC2DFDEC2A4C786533C3C8E /* [CP] Embed Pods Frameworks */ = {
			isa = PBXShellScriptBuildPhase;
			buildActionMask = 2147483647;
			files = (
			);
			inputFileListPaths = (
				"${PODS_ROOT}/Target Support Files/Pods-TwoTestProject/Pods-TwoTestProject-frameworks-${CONFIGURATION}-input-files.xcfilelist",
			);
			name = "[CP] Embed Pods Frameworks";
			outputFileListPaths = (
				"${PODS_ROOT}/Target Support Files/Pods-TwoTestProject/Pods-TwoTestProject-frameworks-${CONFIGURATION}-output-files.xcfilelist",
			);
			runOnlyForDeploymentPostprocessing = 0;
			shellPath = /bin/sh;
			shellScript = "\"${PODS_ROOT}/Target Support Files/Pods-TwoTestProject/Pods-TwoTestProject-frameworks.sh\"\n";
			showEnvVarsInLog = 0;
		};
/* End PBXShellScriptBuildPhase section */

/* Begin PBXSourcesBuildPhase section */
		A5CD7D8323F2C9570099F89D /* Sources */ = {
			isa = PBXSourcesBuildPhase;
			buildActionMask = 2147483647;
			files = (
				A5CD7D8F23F2C9570099F89D /* MainViewController.swift in Sources */,
				A5CD7D8B23F2C9570099F89D /* AppDelegate.swift in Sources */,
				A5CD7D8D23F2C9570099F89D /* SceneDelegate.swift in Sources */,
			);
			runOnlyForDeploymentPostprocessing = 0;
		};
/* End PBXSourcesBuildPhase section */

/* Begin PBXVariantGroup section */
		A5CD7D9523F2C95C0099F89D /* LaunchScreen.storyboard */ = {
			isa = PBXVariantGroup;
			children = (
				A5CD7D9623F2C95C0099F89D /* Base */,
			);
			name = LaunchScreen.storyboard;
			sourceTree = "<group>";
		};
/* End PBXVariantGroup section */

/* Begin XCBuildConfiguration section */
		A5CD7D9923F2C95C0099F89D /* Debug */ = {
			isa = XCBuildConfiguration;
			buildSettings = {
				ALWAYS_SEARCH_USER_PATHS = NO;
				CLANG_ANALYZER_NONNULL = YES;
				CLANG_ANALYZER_NUMBER_OBJECT_CONVERSION = YES_AGGRESSIVE;
				CLANG_CXX_LANGUAGE_STANDARD = "gnu++14";
				CLANG_CXX_LIBRARY = "libc++";
				CLANG_ENABLE_MODULES = YES;
				CLANG_ENABLE_OBJC_ARC = YES;
				CLANG_ENABLE_OBJC_WEAK = YES;
				CLANG_WARN_BLOCK_CAPTURE_AUTORELEASING = YES;
				CLANG_WARN_BOOL_CONVERSION = YES;
				CLANG_WARN_COMMA = YES;
				CLANG_WARN_CONSTANT_CONVERSION = YES;
				CLANG_WARN_DEPRECATED_OBJC_IMPLEMENTATIONS = YES;
				CLANG_WARN_DIRECT_OBJC_ISA_USAGE = YES_ERROR;
				CLANG_WARN_DOCUMENTATION_COMMENTS = YES;
				CLANG_WARN_EMPTY_BODY = YES;
				CLANG_WARN_ENUM_CONVERSION = YES;
				CLANG_WARN_INFINITE_RECURSION = YES;
				CLANG_WARN_INT_CONVERSION = YES;
				CLANG_WARN_NON_LITERAL_NULL_CONVERSION = YES;
				CLANG_WARN_OBJC_IMPLICIT_RETAIN_SELF = YES;
				CLANG_WARN_OBJC_LITERAL_CONVERSION = YES;
				CLANG_WARN_OBJC_ROOT_CLASS = YES_ERROR;
				CLANG_WARN_RANGE_LOOP_ANALYSIS = YES;
				CLANG_WARN_STRICT_PROTOTYPES = YES;
				CLANG_WARN_SUSPICIOUS_MOVE = YES;
				CLANG_WARN_UNGUARDED_AVAILABILITY = YES_AGGRESSIVE;
				CLANG_WARN_UNREACHABLE_CODE = YES;
				CLANG_WARN__DUPLICATE_METHOD_MATCH = YES;
				COPY_PHASE_STRIP = NO;
				DEBUG_INFORMATION_FORMAT = dwarf;
				ENABLE_STRICT_OBJC_MSGSEND = YES;
				ENABLE_TESTABILITY = YES;
				GCC_C_LANGUAGE_STANDARD = gnu11;
				GCC_DYNAMIC_NO_PIC = NO;
				GCC_NO_COMMON_BLOCKS = YES;
				GCC_OPTIMIZATION_LEVEL = 0;
				GCC_PREPROCESSOR_DEFINITIONS = (
					"DEBUG=1",
					"$(inherited)",
				);
				GCC_WARN_64_TO_32_BIT_CONVERSION = YES;
				GCC_WARN_ABOUT_RETURN_TYPE = YES_ERROR;
				GCC_WARN_UNDECLARED_SELECTOR = YES;
				GCC_WARN_UNINITIALIZED_AUTOS = YES_AGGRESSIVE;
				GCC_WARN_UNUSED_FUNCTION = YES;
				GCC_WARN_UNUSED_VARIABLE = YES;
				IPHONEOS_DEPLOYMENT_TARGET = 13.2;
				MTL_ENABLE_DEBUG_INFO = INCLUDE_SOURCE;
				MTL_FAST_MATH = YES;
				ONLY_ACTIVE_ARCH = YES;
				SDKROOT = iphoneos;
				SWIFT_ACTIVE_COMPILATION_CONDITIONS = DEBUG;
				SWIFT_OPTIMIZATION_LEVEL = "-Onone";
			};
			name = Debug;
		};
		A5CD7D9A23F2C95C0099F89D /* Release */ = {
			isa = XCBuildConfiguration;
			buildSettings = {
				ALWAYS_SEARCH_USER_PATHS = NO;
				CLANG_ANALYZER_NONNULL = YES;
				CLANG_ANALYZER_NUMBER_OBJECT_CONVERSION = YES_AGGRESSIVE;
				CLANG_CXX_LANGUAGE_STANDARD = "gnu++14";
				CLANG_CXX_LIBRARY = "libc++";
				CLANG_ENABLE_MODULES = YES;
				CLANG_ENABLE_OBJC_ARC = YES;
				CLANG_ENABLE_OBJC_WEAK = YES;
				CLANG_WARN_BLOCK_CAPTURE_AUTORELEASING = YES;
				CLANG_WARN_BOOL_CONVERSION = YES;
				CLANG_WARN_COMMA = YES;
				CLANG_WARN_CONSTANT_CONVERSION = YES;
				CLANG_WARN_DEPRECATED_OBJC_IMPLEMENTATIONS = YES;
				CLANG_WARN_DIRECT_OBJC_ISA_USAGE = YES_ERROR;
				CLANG_WARN_DOCUMENTATION_COMMENTS = YES;
				CLANG_WARN_EMPTY_BODY = YES;
				CLANG_WARN_ENUM_CONVERSION = YES;
				CLANG_WARN_INFINITE_RECURSION = YES;
				CLANG_WARN_INT_CONVERSION = YES;
				CLANG_WARN_NON_LITERAL_NULL_CONVERSION = YES;
				CLANG_WARN_OBJC_IMPLICIT_RETAIN_SELF = YES;
				CLANG_WARN_OBJC_LITERAL_CONVERSION = YES;
				CLANG_WARN_OBJC_ROOT_CLASS = YES_ERROR;
				CLANG_WARN_RANGE_LOOP_ANALYSIS = YES;
				CLANG_WARN_STRICT_PROTOTYPES = YES;
				CLANG_WARN_SUSPICIOUS_MOVE = YES;
				CLANG_WARN_UNGUARDED_AVAILABILITY = YES_AGGRESSIVE;
				CLANG_WARN_UNREACHABLE_CODE = YES;
				CLANG_WARN__DUPLICATE_METHOD_MATCH = YES;
				COPY_PHASE_STRIP = NO;
				DEBUG_INFORMATION_FORMAT = "dwarf-with-dsym";
				ENABLE_NS_ASSERTIONS = NO;
				ENABLE_STRICT_OBJC_MSGSEND = YES;
				GCC_C_LANGUAGE_STANDARD = gnu11;
				GCC_NO_COMMON_BLOCKS = YES;
				GCC_WARN_64_TO_32_BIT_CONVERSION = YES;
				GCC_WARN_ABOUT_RETURN_TYPE = YES_ERROR;
				GCC_WARN_UNDECLARED_SELECTOR = YES;
				GCC_WARN_UNINITIALIZED_AUTOS = YES_AGGRESSIVE;
				GCC_WARN_UNUSED_FUNCTION = YES;
				GCC_WARN_UNUSED_VARIABLE = YES;
				IPHONEOS_DEPLOYMENT_TARGET = 13.2;
				MTL_ENABLE_DEBUG_INFO = NO;
				MTL_FAST_MATH = YES;
				SDKROOT = iphoneos;
				SWIFT_COMPILATION_MODE = wholemodule;
				SWIFT_OPTIMIZATION_LEVEL = "-O";
				VALIDATE_PRODUCT = YES;
			};
			name = Release;
		};
		A5CD7D9C23F2C95C0099F89D /* Debug */ = {
			isa = XCBuildConfiguration;
			baseConfigurationReference = 34043AF610CC703A5C4A1C0A /* Pods-TwoTestProject.debug.xcconfig */;
			buildSettings = {
				ASSETCATALOG_COMPILER_APPICON_NAME = AppIcon;
				CODE_SIGN_STYLE = Automatic;
				DEVELOPMENT_TEAM = TBU99BV36Y;
				INFOPLIST_FILE = TwoTestProject/Info.plist;
				LD_RUNPATH_SEARCH_PATHS = (
					"$(inherited)",
					"@executable_path/Frameworks",
				);
				PRODUCT_BUNDLE_IDENTIFIER = ru.yakovlevsergey.TwoTestProject;
				PRODUCT_NAME = "$(TARGET_NAME)";
				SWIFT_VERSION = 5.0;
				TARGETED_DEVICE_FAMILY = 1;
			};
			name = Debug;
		};
		A5CD7D9D23F2C95C0099F89D /* Release */ = {
			isa = XCBuildConfiguration;
			baseConfigurationReference = 935D03F09FBF04F9733E7570 /* Pods-TwoTestProject.release.xcconfig */;
			buildSettings = {
				ASSETCATALOG_COMPILER_APPICON_NAME = AppIcon;
				CODE_SIGN_STYLE = Automatic;
				DEVELOPMENT_TEAM = TBU99BV36Y;
				INFOPLIST_FILE = TwoTestProject/Info.plist;
				LD_RUNPATH_SEARCH_PATHS = (
					"$(inherited)",
					"@executable_path/Frameworks",
				);
				PRODUCT_BUNDLE_IDENTIFIER = ru.yakovlevsergey.TwoTestProject;
				PRODUCT_NAME = "$(TARGET_NAME)";
				SWIFT_VERSION = 5.0;
				TARGETED_DEVICE_FAMILY = 1;
			};
			name = Release;
		};
/* End XCBuildConfiguration section */

/* Begin XCConfigurationList section */
		A5CD7D8223F2C9570099F89D /* Build configuration list for PBXProject "TwoTestProject" */ = {
			isa = XCConfigurationList;
			buildConfigurations = (
				A5CD7D9923F2C95C0099F89D /* Debug */,
				A5CD7D9A23F2C95C0099F89D /* Release */,
			);
			defaultConfigurationIsVisible = 0;
			defaultConfigurationName = Release;
		};
		A5CD7D9B23F2C95C0099F89D /* Build configuration list for PBXNativeTarget "TwoTestProject" */ = {
			isa = XCConfigurationList;
			buildConfigurations = (
				A5CD7D9C23F2C95C0099F89D /* Debug */,
				A5CD7D9D23F2C95C0099F89D /* Release */,
			);
			defaultConfigurationIsVisible = 0;
			defaultConfigurationName = Release;
		};
/* End XCConfigurationList section */
	};
	rootObject = A5CD7D7F23F2C9570099F89D /* Project object */;
}
